
Microsoft Visual Studio Solution File, Format Version 12.00
# Visual Studio Version 17
VisualStudioVersion = 17.14.37314.3 d17.14
MinimumVisualStudioVersion = 10.0.40219.1
Project("{FAE04EC0-301F-11D3-BF4B-00C04F79EFBC}") = "SmakoszApp", "SmakoszApp.csproj", "{BBFE7A95-D64F-A9D3-823E-1F5C569D9EF7}"
EndProject
Global
	GlobalSection(SolutionConfigurationPlatforms) = preSolution
		Debug|Any CPU = Debug|Any CPU
		Release|Any CPU = Release|Any CPU
	EndGlobalSection
	GlobalSection(ProjectConfigurationPlatforms) = postSolution
		{BBFE7A95-D64F-A9D3-823E-1F5C569D9EF7}.Debug|Any CPU.ActiveCfg = Debug|Any CPU
		{BBFE7A95-D64F-A9D3-823E-1F5C569D9EF7}.Debug|Any CPU.Build.0 = Debug|Any CPU
		{BBFE7A95-D64F-A9D3-823E-1F5C569D9EF7}.Release|Any CPU.ActiveCfg = Release|Any CPU
		{BBFE7A95-D64F-A9D3-823E-1F5C569D9EF7}.Release|Any CPU.Build.0 = Release|Any CPU
	EndGlobalSection
	GlobalSection(SolutionProperties) = preSolution
		HideSolutionNode = FALSE
	EndGlobalSection
	GlobalSection(ExtensibilityGlobals) = postSolution
		SolutionGuid = {BE86A853-C942-46AA-BABA-778415F45AE7}
	EndGlobalSection
EndGlobal
